
Microsoft Visual Studio Solution File, Format Version 12.00
# Visual Studio 15
VisualStudioVersion = 15.0.26430.16
MinimumVisualStudioVersion = 10.0.40219.1
Project("{FAE04EC0-301F-11D3-BF4B-00C04F79EFBC}") = "Infnet.MusicStore", "Infnet.MusicStore\Infnet.MusicStore.csproj", "{5354139D-8606-4DFE-A2C6-4674B2A04F0B}"
EndProject
Global
	GlobalSection(SolutionConfigurationPlatforms) = preSolution
		Debug|Any CPU = Debug|Any CPU
		Release|Any CPU = Release|Any CPU
	EndGlobalSection
	GlobalSection(ProjectConfigurationPlatforms) = postSolution
		{5354139D-8606-4DFE-A2C6-4674B2A04F0B}.Debug|Any CPU.ActiveCfg = Debug|Any CPU
		{5354139D-8606-4DFE-A2C6-4674B2A04F0B}.Debug|Any CPU.Build.0 = Debug|Any CPU
		{5354139D-8606-4DFE-A2C6-4674B2A04F0B}.Release|Any CPU.ActiveCfg = Release|Any CPU
		{5354139D-8606-4DFE-A2C6-4674B2A04F0B}.Release|Any CPU.Build.0 = Release|Any CPU
	EndGlobalSection
	GlobalSection(SolutionProperties) = preSolution
		HideSolutionNode = FALSE
	EndGlobalSection
EndGlobal
